
Microsoft Visual Studio Solution File, Format Version 12.00
# Visual Studio Version 17
VisualStudioVersion = 17.4.33205.214
MinimumVisualStudioVersion = 10.0.40219.1
Project("{FAE04EC0-301F-11D3-BF4B-00C04F79EFBC}") = "Emlak", "Emlak\Emlak.csproj", "{A0365B03-EAC2-4062-AC30-E5969283B575}"
EndProject
Global
	GlobalSection(SolutionConfigurationPlatforms) = preSolution
		Debug|Any CPU = Debug|Any CPU
		Release|Any CPU = Release|Any CPU
	EndGlobalSection
	GlobalSection(ProjectConfigurationPlatforms) = postSolution
		{A0365B03-EAC2-4062-AC30-E5969283B575}.Debug|Any CPU.ActiveCfg = Debug|Any CPU
		{A0365B03-EAC2-4062-AC30-E5969283B575}.Debug|Any CPU.Build.0 = Debug|Any CPU
		{A0365B03-EAC2-4062-AC30-E5969283B575}.Release|Any CPU.ActiveCfg = Release|Any CPU
		{A0365B03-EAC2-4062-AC30-E5969283B575}.Release|Any CPU.Build.0 = Release|Any CPU
	EndGlobalSection
	GlobalSection(SolutionProperties) = preSolution
		HideSolutionNode = FALSE
	EndGlobalSection
	GlobalSection(ExtensibilityGlobals) = postSolution
		SolutionGuid = {677E4541-2CC1-4BA6-B792-AFE67E3C368F}
	EndGlobalSection
EndGlobal
